# THIS IS AN AUTOGENERATED FILE. DO NOT EDIT THIS FILE DIRECTLY.
# yarn lockfile v1


"@ant-design/colors@^3.1.0":
  version "3.2.2"
  resolved "https://registry.npm.taobao.org/@ant-design/colors/download/@ant-design/colors-3.2.2.tgz?cache=0&sync_timestamp=1592447248116&other_urls=https%3A%2F%2Fregistry.npm.taobao.org%2F%40ant-design%2Fcolors%2Fdownload%2F%40ant-design%2Fcolors-3.2.2.tgz#5ad43d619e911f3488ebac303d606e66a8423903"
  integrity sha1-WtQ9YZ6RHzSI66wwPWBuZqhCOQM=
  dependencies:
    tinycolor2 "^1.4.1"

"@ant-design/icons-svg@^4.0.0":
  version "4.1.0"
  resolved "https://registry.npm.taobao.org/@ant-design/icons-svg/download/@ant-design/icons-svg-4.1.0.tgz#480b025f4b20ef7fe8f47d4a4846e4fee84ea06c"
  integrity sha1-SAsCX0sg73/o9H1KSEbk/uhOoGw=

"@ant-design/icons@^4.2.1":
  version "4.2.1"
  resolved "https://registry.npm.taobao.org/@ant-design/icons/download/@ant-design/icons-4.2.1.tgz#6f3ea5d98ab782072e4e9cbb70f25e4403ae1a6b"
  integrity sha1-bz6l2Yq3ggcuTpy7cPJeRAOuGms=
  dependencies:
    "@ant-design/colors" "^3.1.0"
    "@ant-design/icons-svg" "^4.0.0"
    "@babel/runtime" "^7.10.1"
    classnames "^2.2.6"
    insert-css "^2.0.0"
    rc-util "^5.0.1"

"@babel/runtime@^7.10.1":
  version "7.10.4"
  resolved "https://registry.npm.taobao.org/@babel/runtime/download/@babel/runtime-7.10.4.tgz?cache=0&sync_timestamp=1593521118360&other_urls=https%3A%2F%2Fregistry.npm.taobao.org%2F%40babel%2Fruntime%2Fdownload%2F%40babel%2Fruntime-7.10.4.tgz#a6724f1a6b8d2f6ea5236dbfe58c7d7ea9c5eb99"
  integrity sha1-pnJPGmuNL26lI22/5Yx9fqnF65k=
  dependencies:
    regenerator-runtime "^0.13.4"

classnames@^2.2.6:
  version "2.2.6"
  resolved "https://registry.npm.taobao.org/classnames/download/classnames-2.2.6.tgz?cache=0&sync_timestamp=1589682470447&other_urls=https%3A%2F%2Fregistry.npm.taobao.org%2Fclassnames%2Fdownload%2Fclassnames-2.2.6.tgz#43935bffdd291f326dad0a205309b38d00f650ce"
  integrity sha1-Q5Nb/90pHzJtrQogUwmzjQD2UM4=

insert-css@^2.0.0:
  version "2.0.0"
  resolved "https://registry.npm.taobao.org/insert-css/download/insert-css-2.0.0.tgz#eb5d1097b7542f4c79ea3060d3aee07d053880f4"
  integrity sha1-610Ql7dUL0x56jBg067gfQU4gPQ=

rc-util@^5.0.1:
  version "5.0.5"
  resolved "https://registry.npm.taobao.org/rc-util/download/rc-util-5.0.5.tgz?cache=0&sync_timestamp=1593791575044&other_urls=https%3A%2F%2Fregistry.npm.taobao.org%2Frc-util%2Fdownload%2Frc-util-5.0.5.tgz#d29d626edc931fbf8b45b4aa48fb9e44ce2300bd"
  integrity sha1-0p1ibtyTH7+LRbSqSPueRM4jAL0=
  dependencies:
    react-is "^16.12.0"
    shallowequal "^1.1.0"

react-is@^16.12.0:
  version "16.13.1"
  resolved "https://registry.npm.taobao.org/react-is/download/react-is-16.13.1.tgz?cache=0&sync_timestamp=1592589618544&other_urls=https%3A%2F%2Fregistry.npm.taobao.org%2Freact-is%2Fdownload%2Freact-is-16.13.1.tgz#789729a4dc36de2999dc156dd6c1d9c18cea56a4"
  integrity sha1-eJcppNw23imZ3BVt1sHZwYzqVqQ=

regenerator-runtime@^0.13.4:
  version "0.13.5"
  resolved "https://registry.npm.taobao.org/regenerator-runtime/download/regenerator-runtime-0.13.5.tgz#d878a1d094b4306d10b9096484b33ebd55e26697"
  integrity sha1-2Hih0JS0MG0QuQlkhLM+vVXiZpc=

shallowequal@^1.1.0:
  version "1.1.0"
  resolved "https://registry.npm.taobao.org/shallowequal/download/shallowequal-1.1.0.tgz#188d521de95b9087404fd4dcb68b13df0ae4e7f8"
  integrity sha1-GI1SHelbkIdAT9TctosT3wrk5/g=

tinycolor2@^1.4.1:
  version "1.4.1"
  resolved "https://registry.npm.taobao.org/tinycolor2/download/tinycolor2-1.4.1.tgz#f4fad333447bc0b07d4dc8e9209d8f39a8ac77e8"
  integrity sha1-9PrTM0R7wLB9TcjpIJ2POaisd+g=
